// !$*UTF8*$!
{
	archiveVersion = 1;
	classes = {
	};
	objectVersion = 46;
	objects = {

/* Begin PBXBuildFile section */
		895FC0BF1E0CED390076DF06 /* AppDelegate.swift in Sources */ = {isa = PBXBuildFile; fileRef = 895FC0BE1E0CED390076DF06 /* AppDelegate.swift */; };
		895FC0C11E0CED390076DF06 /* ViewController.swift in Sources */ = {isa = PBXBuildFile; fileRef = 895FC0C01E0CED390076DF06 /* ViewController.swift */; };
		895FC0C41E0CED390076DF06 /* Main.storyboard in Resources */ = {isa = PBXBuildFile; fileRef = 895FC0C21E0CED390076DF06 /* Main.storyboard */; };
		895FC0C61E0CED390076DF06 /* Assets.xcassets in Resources */ = {isa = PBXBuildFile; fileRef = 895FC0C51E0CED390076DF06 /* Assets.xcassets */; };
		895FC0C91E0CED390076DF06 /* LaunchScreen.storyboard in Resources */ = {isa = PBXBuildFile; fileRef = 895FC0C71E0CED390076DF06 /* LaunchScreen.storyboard */; };
		895FC0D41E0CEDB40076DF06 /* ProgressBarDrawing.swift in Sources */ = {isa = PBXBuildFile; fileRef = 895FC0D31E0CEDB40076DF06 /* ProgressBarDrawing.swift */; };
		895FC0D61E0CF1900076DF06 /* ProgressBarView.swift in Sources */ = {isa = PBXBuildFile; fileRef = 895FC0D51E0CF1900076DF06 /* ProgressBarView.swift */; };
/* End PBXBuildFile section */

/* Begin PBXFileReference section */
		895FC0BB1E0CED390076DF06 /* ProgressBarFun.app */ = {isa = PBXFileReference; explicitFileType = wrapper.application; includeInIndex = 0; path = ProgressBarFun.app; sourceTree = BUILT_PRODUCTS_DIR; };
		895FC0BE1E0CED390076DF06 /* AppDelegate.swift */ = {isa = PBXFileReference; lastKnownFileType = sourcecode.swift; path = AppDelegate.swift; sourceTree = "<group>"; };
		895FC0C01E0CED390076DF06 /* ViewController.swift */ = {isa = PBXFileReference; lastKnownFileType = sourcecode.swift; path = ViewController.swift; sourceTree = "<group>"; };
		895FC0C31E0CED390076DF06 /* Base */ = {isa = PBXFileReference; lastKnownFileType = file.storyboard; name = Base; path = Base.lproj/Main.storyboard; sourceTree = "<group>"; };
		895FC0C51E0CED390076DF06 /* Assets.xcassets */ = {isa = PBXFileReference; lastKnownFileType = folder.assetcatalog; path = Assets.xcassets; sourceTree = "<group>"; };
		895FC0C81E0CED390076DF06 /* Base */ = {isa = PBXFileReference; lastKnownFileType = file.storyboard; name = Base; path = Base.lproj/LaunchScreen.storyboard; sourceTree = "<group>"; };
		895FC0CA1E0CED390076DF06 /* Info.plist */ = {isa = PBXFileReference; lastKnownFileType = text.plist.xml; path = Info.plist; sourceTree = "<group>"; };
		895FC0D31E0CEDB40076DF06 /* ProgressBarDrawing.swift */ = {isa = PBXFileReference; fileEncoding = 4; lastKnownFileType = sourcecode.swift; path = ProgressBarDrawing.swift; sourceTree = "<group>"; };
		895FC0D51E0CF1900076DF06 /* ProgressBarView.swift */ = {isa = PBXFileReference; fileEncoding = 4; lastKnownFileType = sourcecode.swift; path = ProgressBarView.swift; sourceTree = "<group>"; };
/* End PBXFileReference section */

/* Begin PBXFrameworksBuildPhase section */
		895FC0B81E0CED390076DF06 /* Frameworks */ = {
			isa = PBXFrameworksBuildPhase;
			buildActionMask = 2147483647;
			files = (
			);
			runOnlyForDeploymentPostprocessing = 0;
		};
/* End PBXFrameworksBuildPhase section */

/* Begin PBXGroup section */
		895FC0B21E0CED390076DF06 = {
			isa = PBXGroup;
			children = (
				895FC0BD1E0CED390076DF06 /* ProgressBarFun */,
				895FC0BC1E0CED390076DF06 /* Products */,
			);
			sourceTree = "<group>";
		};
		895FC0BC1E0CED390076DF06 /* Products */ = {
			isa = PBXGroup;
			children = (
				895FC0BB1E0CED390076DF06 /* ProgressBarFun.app */,
			);
			name = Products;
			sourceTree = "<group>";
		};
		895FC0BD1E0CED390076DF06 /* ProgressBarFun */ = {
			isa = PBXGroup;
			children = (
				895FC0D21E0CED4B0076DF06 /* Controller */,
				895FC0D11E0CED440076DF06 /* View */,
				895FC0D01E0CED3E0076DF06 /* Model */,
				895FC0BE1E0CED390076DF06 /* AppDelegate.swift */,
				895FC0C21E0CED390076DF06 /* Main.storyboard */,
				895FC0C51E0CED390076DF06 /* Assets.xcassets */,
				895FC0C71E0CED390076DF06 /* LaunchScreen.storyboard */,
				895FC0CA1E0CED390076DF06 /* Info.plist */,
			);
			path = ProgressBarFun;
			sourceTree = "<group>";
		};
		895FC0D01E0CED3E0076DF06 /* Model */ = {
			isa = PBXGroup;
			children = (
			);
			name = Model;
			sourceTree = "<group>";
		};
		895FC0D11E0CED440076DF06 /* View */ = {
			isa = PBXGroup;
			children = (
				895FC0D31E0CEDB40076DF06 /* ProgressBarDrawing.swift */,
				895FC0D51E0CF1900076DF06 /* ProgressBarView.swift */,
			);
			name = View;
			sourceTree = "<group>";
		};
		895FC0D21E0CED4B0076DF06 /* Controller */ = {
			isa = PBXGroup;
			children = (
				895FC0C01E0CED390076DF06 /* ViewController.swift */,
			);
			name = Controller;
			sourceTree = "<group>";
		};
/* End PBXGroup section */

/* Begin PBXNativeTarget section */
		895FC0BA1E0CED390076DF06 /* ProgressBarFun */ = {
			isa = PBXNativeTarget;
			buildConfigurationList = 895FC0CD1E0CED390076DF06 /* Build configuration list for PBXNativeTarget "ProgressBarFun" */;
			buildPhases = (
				895FC0B71E0CED390076DF06 /* Sources */,
				895FC0B81E0CED390076DF06 /* Frameworks */,
				895FC0B91E0CED390076DF06 /* Resources */,
			);
			buildRules = (
			);
			dependencies = (
			);
			name = ProgressBarFun;
			productName = ProgressBarFun;
			productReference = 895FC0BB1E0CED390076DF06 /* ProgressBarFun.app */;
			productType = "com.apple.product-type.application";
		};
/* End PBXNativeTarget section */

/* Begin PBXProject section */
		895FC0B31E0CED390076DF06 /* Project object */ = {
			isa = PBXProject;
			attributes = {
				LastSwiftUpdateCheck = 0810;
				LastUpgradeCheck = 0810;
				ORGANIZATIONNAME = "AKIL KUMAR THOTA";
				TargetAttributes = {
					895FC0BA1E0CED390076DF06 = {
						CreatedOnToolsVersion = 8.1;
						ProvisioningStyle = Automatic;
					};
				};
			};
			buildConfigurationList = 895FC0B61E0CED390076DF06 /* Build configuration list for PBXProject "ProgressBarFun" */;
			compatibilityVersion = "Xcode 3.2";
			developmentRegion = English;
			hasScannedForEncodings = 0;
			knownRegions = (
				en,
				Base,
			);
			mainGroup = 895FC0B21E0CED390076DF06;
			productRefGroup = 895FC0BC1E0CED390076DF06 /* Products */;
			projectDirPath = "";
			projectRoot = "";
			targets = (
				895FC0BA1E0CED390076DF06 /* ProgressBarFun */,
			);
		};
/* End PBXProject section */

/* Begin PBXResourcesBuildPhase section */
		895FC0B91E0CED390076DF06 /* Resources */ = {
			isa = PBXResourcesBuildPhase;
			buildActionMask = 2147483647;
			files = (
				895FC0C91E0CED390076DF06 /* LaunchScreen.storyboard in Resources */,
				895FC0C61E0CED390076DF06 /* Assets.xcassets in Resources */,
				895FC0C41E0CED390076DF06 /* Main.storyboard in Resources */,
			);
			runOnlyForDeploymentPostprocessing = 0;
		};
/* End PBXResourcesBuildPhase section */

/* Begin PBXSourcesBuildPhase section */
		895FC0B71E0CED390076DF06 /* Sources */ = {
			isa = PBXSourcesBuildPhase;
			buildActionMask = 2147483647;
			files = (
				895FC0C11E0CED390076DF06 /* ViewController.swift in Sources */,
				895FC0D61E0CF1900076DF06 /* ProgressBarView.swift in Sources */,
				895FC0BF1E0CED390076DF06 /* AppDelegate.swift in Sources */,
				895FC0D41E0CEDB40076DF06 /* ProgressBarDrawing.swift in Sources */,
			);
			runOnlyForDeploymentPostprocessing = 0;
		};
/* End PBXSourcesBuildPhase section */

/* Begin PBXVariantGroup section */
		895FC0C21E0CED390076DF06 /* Main.storyboard */ = {
			isa = PBXVariantGroup;
			children = (
				895FC0C31E0CED390076DF06 /* Base */,
			);
			name = Main.storyboard;
			sourceTree = "<group>";
		};
		895FC0C71E0CED390076DF06 /* LaunchScreen.storyboard */ = {
			isa = PBXVariantGroup;
			children = (
				895FC0C81E0CED390076DF06 /* Base */,
			);
			name = LaunchScreen.storyboard;
			sourceTree = "<group>";
		};
/* End PBXVariantGroup section */

/* Begin XCBuildConfiguration section */
		895FC0CB1E0CED390076DF06 /* Debug */ = {
			isa = XCBuildConfiguration;
			buildSettings = {
				ALWAYS_SEARCH_USER_PATHS = NO;
				CLANG_ANALYZER_NONNULL = YES;
				CLANG_CXX_LANGUAGE_STANDARD = "gnu++0x";
				CLANG_CXX_LIBRARY = "libc++";
				CLANG_ENABLE_MODULES = YES;
				CLANG_ENABLE_OBJC_ARC = YES;
				CLANG_WARN_BOOL_CONVERSION = YES;
				CLANG_WARN_CONSTANT_CONVERSION = YES;
				CLANG_WARN_DIRECT_OBJC_ISA_USAGE = YES_ERROR;
				CLANG_WARN_DOCUMENTATION_COMMENTS = YES;
				CLANG_WARN_EMPTY_BODY = YES;
				CLANG_WARN_ENUM_CONVERSION = YES;
				CLANG_WARN_INFINITE_RECURSION = YES;
				CLANG_WARN_INT_CONVERSION = YES;
				CLANG_WARN_OBJC_ROOT_CLASS = YES_ERROR;
				CLANG_WARN_SUSPICIOUS_MOVES = YES;
				CLANG_WARN_UNREACHABLE_CODE = YES;
				CLANG_WARN__DUPLICATE_METHOD_MATCH = YES;
				"CODE_SIGN_IDENTITY[sdk=iphoneos*]" = "iPhone Developer";
				COPY_PHASE_STRIP = NO;
				DEBUG_INFORMATION_FORMAT = dwarf;
				ENABLE_STRICT_OBJC_MSGSEND = YES;
				ENABLE_TESTABILITY = YES;
				GCC_C_LANGUAGE_STANDARD = gnu99;
				GCC_DYNAMIC_NO_PIC = NO;
				GCC_NO_COMMON_BLOCKS = YES;
				GCC_OPTIMIZATION_LEVEL = 0;
				GCC_PREPROCESSOR_DEFINITIONS = (
					"DEBUG=1",
					"$(inherited)",
				);
				GCC_WARN_64_TO_32_BIT_CONVERSION = YES;
				GCC_WARN_ABOUT_RETURN_TYPE = YES_ERROR;
				GCC_WARN_UNDECLARED_SELECTOR = YES;
				GCC_WARN_UNINITIALIZED_AUTOS = YES_AGGRESSIVE;
				GCC_WARN_UNUSED_FUNCTION = YES;
				GCC_WARN_UNUSED_VARIABLE = YES;
				IPHONEOS_DEPLOYMENT_TARGET = 10.1;
				MTL_ENABLE_DEBUG_INFO = YES;
				ONLY_ACTIVE_ARCH = YES;
				SDKROOT = iphoneos;
				SWIFT_ACTIVE_COMPILATION_CONDITIONS = DEBUG;
				SWIFT_OPTIMIZATION_LEVEL = "-Onone";
			};
			name = Debug;
		};
		895FC0CC1E0CED390076DF06 /* Release */ = {
			isa = XCBuildConfiguration;
			buildSettings = {
				ALWAYS_SEARCH_USER_PATHS = NO;
				CLANG_ANALYZER_NONNULL = YES;
				CLANG_CXX_LANGUAGE_STANDARD = "gnu++0x";
				CLANG_CXX_LIBRARY = "libc++";
				CLANG_ENABLE_MODULES = YES;
				CLANG_ENABLE_OBJC_ARC = YES;
				CLANG_WARN_BOOL_CONVERSION = YES;
				CLANG_WARN_CONSTANT_CONVERSION = YES;
				CLANG_WARN_DIRECT_OBJC_ISA_USAGE = YES_ERROR;
				CLANG_WARN_DOCUMENTATION_COMMENTS = YES;
				CLANG_WARN_EMPTY_BODY = YES;
				CLANG_WARN_ENUM_CONVERSION = YES;
				CLANG_WARN_INFINITE_RECURSION = YES;
				CLANG_WARN_INT_CONVERSION = YES;
				CLANG_WARN_OBJC_ROOT_CLASS = YES_ERROR;
				CLANG_WARN_SUSPICIOUS_MOVES = YES;
				CLANG_WARN_UNREACHABLE_CODE = YES;
				CLANG_WARN__DUPLICATE_METHOD_MATCH = YES;
				"CODE_SIGN_IDENTITY[sdk=iphoneos*]" = "iPhone Developer";
				COPY_PHASE_STRIP = NO;
				DEBUG_INFORMATION_FORMAT = "dwarf-with-dsym";
				ENABLE_NS_ASSERTIONS = NO;
				ENABLE_STRICT_OBJC_MSGSEND = YES;
				GCC_C_LANGUAGE_STANDARD = gnu99;
				GCC_NO_COMMON_BLOCKS = YES;
				GCC_WARN_64_TO_32_BIT_CONVERSION = YES;
				GCC_WARN_ABOUT_RETURN_TYPE = YES_ERROR;
				GCC_WARN_UNDECLARED_SELECTOR = YES;
				GCC_WARN_UNINITIALIZED_AUTOS = YES_AGGRESSIVE;
				GCC_WARN_UNUSED_FUNCTION = YES;
				GCC_WARN_UNUSED_VARIABLE = YES;
				IPHONEOS_DEPLOYMENT_TARGET = 10.1;
				MTL_ENABLE_DEBUG_INFO = NO;
				SDKROOT = iphoneos;
				SWIFT_OPTIMIZATION_LEVEL = "-Owholemodule";
				VALIDATE_PRODUCT = YES;
			};
			name = Release;
		};
		895FC0CE1E0CED390076DF06 /* Debug */ = {
			isa = XCBuildConfiguration;
			buildSettings = {
				ASSETCATALOG_COMPILER_APPICON_NAME = AppIcon;
				INFOPLIST_FILE = ProgressBarFun/Info.plist;
				LD_RUNPATH_SEARCH_PATHS = "$(inherited) @executable_path/Frameworks";
				PRODUCT_BUNDLE_IDENTIFIER = LeenaIndustries.ProgressBarFun;
				PRODUCT_NAME = "$(TARGET_NAME)";
				SWIFT_VERSION = 3.0;
			};
			name = Debug;
		};
		895FC0CF1E0CED390076DF06 /* Release */ = {
			isa = XCBuildConfiguration;
			buildSettings = {
				ASSETCATALOG_COMPILER_APPICON_NAME = AppIcon;
				INFOPLIST_FILE = ProgressBarFun/Info.plist;
				LD_RUNPATH_SEARCH_PATHS = "$(inherited) @executable_path/Frameworks";
				PRODUCT_BUNDLE_IDENTIFIER = LeenaIndustries.ProgressBarFun;
				PRODUCT_NAME = "$(TARGET_NAME)";
				SWIFT_VERSION = 3.0;
			};
			name = Release;
		};
/* End XCBuildConfiguration section */

/* Begin XCConfigurationList section */
		895FC0B61E0CED390076DF06 /* Build configuration list for PBXProject "ProgressBarFun" */ = {
			isa = XCConfigurationList;
			buildConfigurations = (
				895FC0CB1E0CED390076DF06 /* Debug */,
				895FC0CC1E0CED390076DF06 /* Release */,
			);
			defaultConfigurationIsVisible = 0;
			defaultConfigurationName = Release;
		};
		895FC0CD1E0CED390076DF06 /* Build configuration list for PBXNativeTarget "ProgressBarFun" */ = {
			isa = XCConfigurationList;
			buildConfigurations = (
				895FC0CE1E0CED390076DF06 /* Debug */,
				895FC0CF1E0CED390076DF06 /* Release */,
			);
			defaultConfigurationIsVisible = 0;
		};
/* End XCConfigurationList section */
	};
	rootObject = 895FC0B31E0CED390076DF06 /* Project object */;
}
